
Microsoft Visual Studio Solution File, Format Version 12.00
# Visual Studio 15
VisualStudioVersion = 15.0.27004.2009
MinimumVisualStudioVersion = 10.0.40219.1
Project("{FAE04EC0-301F-11D3-BF4B-00C04F79EFBC}") = "Na paradygmaty", "Na paradygmaty\Na paradygmaty.csproj", "{6651EA3B-2130-47EC-A6D3-C895EB872450}"
EndProject
Global
	GlobalSection(SolutionConfigurationPlatforms) = preSolution
		Debug|Any CPU = Debug|Any CPU
		Release|Any CPU = Release|Any CPU
	EndGlobalSection
	GlobalSection(ProjectConfigurationPlatforms) = postSolution
		{6651EA3B-2130-47EC-A6D3-C895EB872450}.Debug|Any CPU.ActiveCfg = Debug|Any CPU
		{6651EA3B-2130-47EC-A6D3-C895EB872450}.Debug|Any CPU.Build.0 = Debug|Any CPU
		{6651EA3B-2130-47EC-A6D3-C895EB872450}.Release|Any CPU.ActiveCfg = Release|Any CPU
		{6651EA3B-2130-47EC-A6D3-C895EB872450}.Release|Any CPU.Build.0 = Release|Any CPU
	EndGlobalSection
	GlobalSection(SolutionProperties) = preSolution
		HideSolutionNode = FALSE
	EndGlobalSection
	GlobalSection(ExtensibilityGlobals) = postSolution
		SolutionGuid = {99C450EE-24C5-4EB3-93A1-1815E14EB945}
	EndGlobalSection
EndGlobal
